github.com/MaaXYZ/maa-framework-go v0.2.1 h1:v1vxopvpMqojHl6001SK2F/eOuBltF2aFRL3sJX159A=
github.com/MaaXYZ/maa-framework-go v0.2.1/go.mod h1:u74v+cvapvxs11O4KRjLStGY8B0bMCEDTArqX22qgVE=
github.com/MaaXYZ/maa-framework-go v0.2.2 h1:yrdMDUl+dke/5Xi/Qqoqqpn56u15+MvPrvWqf7AI36Y=
github.com/MaaXYZ/maa-framework-go v0.2.2/go.mod h1:u74v+cvapvxs11O4KRjLStGY8B0bMCEDTArqX22qgVE=
github.com/MaaXYZ/maa-framework-go v0.2.3 h1:FNPTzzA/oeo7tOiI986DuZHeNyY04jUe7PT7fw2gW4U=
github.com/MaaXYZ/maa-framework-go v0.2.3/go.mod h1:u74v+cvapvxs11O4KRjLStGY8B0bMCEDTArqX22qgVE=
